
Microsoft Visual Studio Solution File, Format Version 12.00
# Visual Studio Version 17
VisualStudioVersion = 17.5.33516.290
MinimumVisualStudioVersion = 10.0.40219.1
Project("{9A19103F-16F7-4668-BE54-9A1E7A4F7556}") = "HelloWorld", "HelloWorld.csproj", "{52EFC9B1-E358-46D1-8210-29DA7FD64A91}"
EndProject
Global
	GlobalSection(SolutionConfigurationPlatforms) = preSolution
		Debug|Any CPU = Debug|Any CPU
		Release|Any CPU = Release|Any CPU
	EndGlobalSection
	GlobalSection(ProjectConfigurationPlatforms) = postSolution
		{52EFC9B1-E358-46D1-8210-29DA7FD64A91}.Debug|Any CPU.ActiveCfg = Debug|Any CPU
		{52EFC9B1-E358-46D1-8210-29DA7FD64A91}.Debug|Any CPU.Build.0 = Debug|Any CPU
		{52EFC9B1-E358-46D1-8210-29DA7FD64A91}.Release|Any CPU.ActiveCfg = Release|Any CPU
		{52EFC9B1-E358-46D1-8210-29DA7FD64A91}.Release|Any CPU.Build.0 = Release|Any CPU
	EndGlobalSection
	GlobalSection(SolutionProperties) = preSolution
		HideSolutionNode = FALSE
	EndGlobalSection
	GlobalSection(ExtensibilityGlobals) = postSolution
		SolutionGuid = {036EAF8D-1A2C-41E0-A495-1BB3E2E33940}
	EndGlobalSection
EndGlobal
