
Microsoft Visual Studio Solution File, Format Version 12.00
# Visual Studio Version 17
VisualStudioVersion = 17.5.33516.290
MinimumVisualStudioVersion = 10.0.40219.1
Project("{9A19103F-16F7-4668-BE54-9A1E7A4F7556}") = "HelloWorld", "HelloWorld.csproj", "{6800FA87-5AA8-4DD6-BA87-77C424289E1D}"
EndProject
Global
	GlobalSection(SolutionConfigurationPlatforms) = preSolution
		Debug|Any CPU = Debug|Any CPU
		Release|Any CPU = Release|Any CPU
	EndGlobalSection
	GlobalSection(ProjectConfigurationPlatforms) = postSolution
		{6800FA87-5AA8-4DD6-BA87-77C424289E1D}.Debug|Any CPU.ActiveCfg = Debug|Any CPU
		{6800FA87-5AA8-4DD6-BA87-77C424289E1D}.Debug|Any CPU.Build.0 = Debug|Any CPU
		{6800FA87-5AA8-4DD6-BA87-77C424289E1D}.Release|Any CPU.ActiveCfg = Release|Any CPU
		{6800FA87-5AA8-4DD6-BA87-77C424289E1D}.Release|Any CPU.Build.0 = Release|Any CPU
	EndGlobalSection
	GlobalSection(SolutionProperties) = preSolution
		HideSolutionNode = FALSE
	EndGlobalSection
	GlobalSection(ExtensibilityGlobals) = postSolution
		SolutionGuid = {3D353B4E-4E83-41F6-9F50-D0931FC34AC9}
	EndGlobalSection
EndGlobal
