
Microsoft Visual Studio Solution File, Format Version 12.00
# Visual Studio Version 17
VisualStudioVersion = 17.5.33516.290
MinimumVisualStudioVersion = 10.0.40219.1
Project("{9A19103F-16F7-4668-BE54-9A1E7A4F7556}") = "HelloWorld", "HelloWorld.csproj", "{F4B2756C-7103-4823-B196-990648C98BD9}"
EndProject
Global
	GlobalSection(SolutionConfigurationPlatforms) = preSolution
		Debug|Any CPU = Debug|Any CPU
		Release|Any CPU = Release|Any CPU
	EndGlobalSection
	GlobalSection(ProjectConfigurationPlatforms) = postSolution
		{F4B2756C-7103-4823-B196-990648C98BD9}.Debug|Any CPU.ActiveCfg = Debug|Any CPU
		{F4B2756C-7103-4823-B196-990648C98BD9}.Debug|Any CPU.Build.0 = Debug|Any CPU
		{F4B2756C-7103-4823-B196-990648C98BD9}.Release|Any CPU.ActiveCfg = Release|Any CPU
		{F4B2756C-7103-4823-B196-990648C98BD9}.Release|Any CPU.Build.0 = Release|Any CPU
	EndGlobalSection
	GlobalSection(SolutionProperties) = preSolution
		HideSolutionNode = FALSE
	EndGlobalSection
	GlobalSection(ExtensibilityGlobals) = postSolution
		SolutionGuid = {4AAEFA3E-473D-43CB-83C8-37D626D10F31}
	EndGlobalSection
EndGlobal
